
Microsoft Visual Studio Solution File, Format Version 12.00
# Visual Studio 14
VisualStudioVersion = 14.0.25123.0
MinimumVisualStudioVersion = 10.0.40219.1
Project("{FAE04EC0-301F-11D3-BF4B-00C04F79EFBC}") = "MVCExtention", "MVCExtention\MVCExtention.csproj", "{54F64B71-63B7-4EE7-9B62-3330DD440AB0}"
EndProject
Project("{FAE04EC0-301F-11D3-BF4B-00C04F79EFBC}") = "EasyCms.Web", "EasyCms.Web\EasyCms.Web.csproj", "{F061DFF2-24CB-4EBB-A9FB-0E506D84FC18}"
EndProject
Project("{FAE04EC0-301F-11D3-BF4B-00C04F79EFBC}") = "EasyCms.Business", "EasyCms.Business\EasyCms.Business.csproj", "{FE0B2D82-5664-4ECB-AFB3-C336CE499207}"
EndProject
Project("{FAE04EC0-301F-11D3-BF4B-00C04F79EFBC}") = "EasyCms.Dal", "EasyCms.Dal\EasyCms.Dal.csproj", "{1D0F5E84-D7CC-413A-A552-0AA17B44BEC4}"
EndProject
Project("{FAE04EC0-301F-11D3-BF4B-00C04F79EFBC}") = "EasyCms.Model", "EasyCms.Model\EasyCms.Model.csproj", "{5BF70EA8-AE93-4ED9-BE80-A1BE82B795FA}"
EndProject
Project("{FAE04EC0-301F-11D3-BF4B-00C04F79EFBC}") = "EasyCms.Session", "EasyCms.Session\EasyCms.Session.csproj", "{44CE33D0-D419-4958-BA98-986A7A249BA0}"
EndProject
Project("{FAE04EC0-301F-11D3-BF4B-00C04F79EFBC}") = "AliNotify.Web", "AliNotify.Web\AliNotify.Web.csproj", "{F1321066-4077-4103-AD37-2DEBA17DEC8E}"
EndProject
Project("{2150E333-8FDC-42A3-9474-1A3956D46DE8}") = "ThirdPart", "ThirdPart", "{36E19C45-E68A-403F-B0D7-2149DFC22769}"
EndProject
Project("{FAE04EC0-301F-11D3-BF4B-00C04F79EFBC}") = "MsgService", "MsgService\MsgService.csproj", "{BAEA16B8-291B-4F5E-8579-DE43E8DAF27A}"
EndProject
Project("{FAE04EC0-301F-11D3-BF4B-00C04F79EFBC}") = "ImsgInterface", "ImsgInterface\ImsgInterface.csproj", "{BBBB0376-1004-43EB-A1A4-ACD0CD850180}"
EndProject
Project("{FAE04EC0-301F-11D3-BF4B-00C04F79EFBC}") = "Umeng", "Umeng\Umeng.csproj", "{FDF0C756-0AB7-4457-8462-C79D53347E18}"
EndProject
Project("{FAE04EC0-301F-11D3-BF4B-00C04F79EFBC}") = "WindowsFormsApplication1", "WindowsFormsApplication1\WindowsFormsApplication1.csproj", "{CCAC03B6-639A-445B-AD0E-51704C462436}"
EndProject
Project("{FAE04EC0-301F-11D3-BF4B-00C04F79EFBC}") = "AliPayPcClient", "AliPay\AliPayPcClient.csproj", "{F009739D-D3E8-448A-9B3B-BA100CE94CB1}"
EndProject
Project("{2150E333-8FDC-42A3-9474-1A3956D46DE8}") = "AliPay", "AliPay", "{0E7DF040-7CFD-415E-94FD-82A5F299939B}"
EndProject
Project("{FAE04EC0-301F-11D3-BF4B-00C04F79EFBC}") = "AliPayMobileClient", "AliPayMobile\AliPayMobileClient.csproj", "{81BAF155-6BA9-4A29-AD27-B107B8D6D172}"
EndProject
Project("{FAE04EC0-301F-11D3-BF4B-00C04F79EFBC}") = "AliPayCommon", "AliPayCommon\AliPayCommon.csproj", "{768E8575-1CA0-42EE-8902-BFBE02D40E53}"
EndProject
Project("{FAE04EC0-301F-11D3-BF4B-00C04F79EFBC}") = "EmailService", "EmailService\EmailService.csproj", "{F6762744-7B7C-4565-B201-E8929491A3FB}"
EndProject
Project("{FAE04EC0-301F-11D3-BF4B-00C04F79EFBC}") = "ImportData", "ImportData\ImportData.csproj", "{9FC9EBF0-F695-4D95-8B5E-68C8964156F2}"
EndProject
Project("{FAE04EC0-301F-11D3-BF4B-00C04F79EFBC}") = "接口测试", "接口测试\接口测试.csproj", "{BA87BEA0-04AF-4CA5-9BD7-AA1CE6263E1D}"
EndProject
Global
	GlobalSection(SolutionConfigurationPlatforms) = preSolution
		CodeAnalysis|Any CPU = CodeAnalysis|Any CPU
		CodeAnalysis|x86 = CodeAnalysis|x86
		Debug|Any CPU = Debug|Any CPU
		Debug|x86 = Debug|x86
		Release|Any CPU = Release|Any CPU
		Release|x86 = Release|x86
	EndGlobalSection
	GlobalSection(ProjectConfigurationPlatforms) = postSolution
		{54F64B71-63B7-4EE7-9B62-3330DD440AB0}.CodeAnalysis|Any CPU.ActiveCfg = Release|Any CPU
		{54F64B71-63B7-4EE7-9B62-3330DD440AB0}.CodeAnalysis|Any CPU.Build.0 = Release|Any CPU
		{54F64B71-63B7-4EE7-9B62-3330DD440AB0}.CodeAnalysis|x86.ActiveCfg = Debug|Any CPU
		{54F64B71-63B7-4EE7-9B62-3330DD440AB0}.CodeAnalysis|x86.Build.0 = Debug|Any CPU
		{54F64B71-63B7-4EE7-9B62-3330DD440AB0}.Debug|Any CPU.ActiveCfg = Debug|Any CPU
		{54F64B71-63B7-4EE7-9B62-3330DD440AB0}.Debug|Any CPU.Build.0 = Debug|Any CPU
		{54F64B71-63B7-4EE7-9B62-3330DD440AB0}.Debug|x86.ActiveCfg = Debug|Any CPU
		{54F64B71-63B7-4EE7-9B62-3330DD440AB0}.Debug|x86.Build.0 = Debug|Any CPU
		{54F64B71-63B7-4EE7-9B62-3330DD440AB0}.Release|Any CPU.ActiveCfg = Release|Any CPU
		{54F64B71-63B7-4EE7-9B62-3330DD440AB0}.Release|Any CPU.Build.0 = Release|Any CPU
		{54F64B71-63B7-4EE7-9B62-3330DD440AB0}.Release|x86.ActiveCfg = Release|Any CPU
		{54F64B71-63B7-4EE7-9B62-3330DD440AB0}.Release|x86.Build.0 = Release|Any CPU
		{F061DFF2-24CB-4EBB-A9FB-0E506D84FC18}.CodeAnalysis|Any CPU.ActiveCfg = Release|Any CPU
		{F061DFF2-24CB-4EBB-A9FB-0E506D84FC18}.CodeAnalysis|Any CPU.Build.0 = Release|Any CPU
		{F061DFF2-24CB-4EBB-A9FB-0E506D84FC18}.CodeAnalysis|x86.ActiveCfg = Debug|Any CPU
		{F061DFF2-24CB-4EBB-A9FB-0E506D84FC18}.CodeAnalysis|x86.Build.0 = Debug|Any CPU
		{F061DFF2-24CB-4EBB-A9FB-0E506D84FC18}.Debug|Any CPU.ActiveCfg = Debug|Any CPU
		{F061DFF2-24CB-4EBB-A9FB-0E506D84FC18}.Debug|Any CPU.Build.0 = Debug|Any CPU
		{F061DFF2-24CB-4EBB-A9FB-0E506D84FC18}.Debug|x86.ActiveCfg = Debug|Any CPU
		{F061DFF2-24CB-4EBB-A9FB-0E506D84FC18}.Debug|x86.Build.0 = Debug|Any CPU
		{F061DFF2-24CB-4EBB-A9FB-0E506D84FC18}.Release|Any CPU.ActiveCfg = Release|Any CPU
		{F061DFF2-24CB-4EBB-A9FB-0E506D84FC18}.Release|Any CPU.Build.0 = Release|Any CPU
		{F061DFF2-24CB-4EBB-A9FB-0E506D84FC18}.Release|x86.ActiveCfg = Release|Any CPU
		{F061DFF2-24CB-4EBB-A9FB-0E506D84FC18}.Release|x86.Build.0 = Release|Any CPU
		{FE0B2D82-5664-4ECB-AFB3-C336CE499207}.CodeAnalysis|Any CPU.ActiveCfg = Release|Any CPU
		{FE0B2D82-5664-4ECB-AFB3-C336CE499207}.CodeAnalysis|Any CPU.Build.0 = Release|Any CPU
		{FE0B2D82-5664-4ECB-AFB3-C336CE499207}.CodeAnalysis|x86.ActiveCfg = Debug|Any CPU
		{FE0B2D82-5664-4ECB-AFB3-C336CE499207}.CodeAnalysis|x86.Build.0 = Debug|Any CPU
		{FE0B2D82-5664-4ECB-AFB3-C336CE499207}.Debug|Any CPU.ActiveCfg = Debug|Any CPU
		{FE0B2D82-5664-4ECB-AFB3-C336CE499207}.Debug|Any CPU.Build.0 = Debug|Any CPU
		{FE0B2D82-5664-4ECB-AFB3-C336CE499207}.Debug|x86.ActiveCfg = Debug|Any CPU
		{FE0B2D82-5664-4ECB-AFB3-C336CE499207}.Debug|x86.Build.0 = Debug|Any CPU
		{FE0B2D82-5664-4ECB-AFB3-C336CE499207}.Release|Any CPU.ActiveCfg = Release|Any CPU
		{FE0B2D82-5664-4ECB-AFB3-C336CE499207}.Release|Any CPU.Build.0 = Release|Any CPU
		{FE0B2D82-5664-4ECB-AFB3-C336CE499207}.Release|x86.ActiveCfg = Release|Any CPU
		{FE0B2D82-5664-4ECB-AFB3-C336CE499207}.Release|x86.Build.0 = Release|Any CPU
		{1D0F5E84-D7CC-413A-A552-0AA17B44BEC4}.CodeAnalysis|Any CPU.ActiveCfg = Release|Any CPU
		{1D0F5E84-D7CC-413A-A552-0AA17B44BEC4}.CodeAnalysis|Any CPU.Build.0 = Release|Any CPU
		{1D0F5E84-D7CC-413A-A552-0AA17B44BEC4}.CodeAnalysis|x86.ActiveCfg = Debug|Any CPU
		{1D0F5E84-D7CC-413A-A552-0AA17B44BEC4}.CodeAnalysis|x86.Build.0 = Debug|Any CPU
		{1D0F5E84-D7CC-413A-A552-0AA17B44BEC4}.Debug|Any CPU.ActiveCfg = Debug|Any CPU
		{1D0F5E84-D7CC-413A-A552-0AA17B44BEC4}.Debug|Any CPU.Build.0 = Debug|Any CPU
		{1D0F5E84-D7CC-413A-A552-0AA17B44BEC4}.Debug|x86.ActiveCfg = Debug|Any CPU
		{1D0F5E84-D7CC-413A-A552-0AA17B44BEC4}.Debug|x86.Build.0 = Debug|Any CPU
		{1D0F5E84-D7CC-413A-A552-0AA17B44BEC4}.Release|Any CPU.ActiveCfg = Release|Any CPU
		{1D0F5E84-D7CC-413A-A552-0AA17B44BEC4}.Release|Any CPU.Build.0 = Release|Any CPU
		{1D0F5E84-D7CC-413A-A552-0AA17B44BEC4}.Release|x86.ActiveCfg = Release|Any CPU
		{1D0F5E84-D7CC-413A-A552-0AA17B44BEC4}.Release|x86.Build.0 = Release|Any CPU
		{5BF70EA8-AE93-4ED9-BE80-A1BE82B795FA}.CodeAnalysis|Any CPU.ActiveCfg = Release|Any CPU
		{5BF70EA8-AE93-4ED9-BE80-A1BE82B795FA}.CodeAnalysis|Any CPU.Build.0 = Release|Any CPU
		{5BF70EA8-AE93-4ED9-BE80-A1BE82B795FA}.CodeAnalysis|x86.ActiveCfg = Debug|Any CPU
		{5BF70EA8-AE93-4ED9-BE80-A1BE82B795FA}.CodeAnalysis|x86.Build.0 = Debug|Any CPU
		{5BF70EA8-AE93-4ED9-BE80-A1BE82B795FA}.Debug|Any CPU.ActiveCfg = Debug|Any CPU
		{5BF70EA8-AE93-4ED9-BE80-A1BE82B795FA}.Debug|Any CPU.Build.0 = Debug|Any CPU
		{5BF70EA8-AE93-4ED9-BE80-A1BE82B795FA}.Debug|x86.ActiveCfg = Debug|Any CPU
		{5BF70EA8-AE93-4ED9-BE80-A1BE82B795FA}.Debug|x86.Build.0 = Debug|Any CPU
		{5BF70EA8-AE93-4ED9-BE80-A1BE82B795FA}.Release|Any CPU.ActiveCfg = Release|Any CPU
		{5BF70EA8-AE93-4ED9-BE80-A1BE82B795FA}.Release|Any CPU.Build.0 = Release|Any CPU
		{5BF70EA8-AE93-4ED9-BE80-A1BE82B795FA}.Release|x86.ActiveCfg = Release|Any CPU
		{5BF70EA8-AE93-4ED9-BE80-A1BE82B795FA}.Release|x86.Build.0 = Release|Any CPU
		{44CE33D0-D419-4958-BA98-986A7A249BA0}.CodeAnalysis|Any CPU.ActiveCfg = Release|Any CPU
		{44CE33D0-D419-4958-BA98-986A7A249BA0}.CodeAnalysis|Any CPU.Build.0 = Release|Any CPU
		{44CE33D0-D419-4958-BA98-986A7A249BA0}.CodeAnalysis|x86.ActiveCfg = Debug|Any CPU
		{44CE33D0-D419-4958-BA98-986A7A249BA0}.CodeAnalysis|x86.Build.0 = Debug|Any CPU
		{44CE33D0-D419-4958-BA98-986A7A249BA0}.Debug|Any CPU.ActiveCfg = Debug|Any CPU
		{44CE33D0-D419-4958-BA98-986A7A249BA0}.Debug|Any CPU.Build.0 = Debug|Any CPU
		{44CE33D0-D419-4958-BA98-986A7A249BA0}.Debug|x86.ActiveCfg = Debug|Any CPU
		{44CE33D0-D419-4958-BA98-986A7A249BA0}.Debug|x86.Build.0 = Debug|Any CPU
		{44CE33D0-D419-4958-BA98-986A7A249BA0}.Release|Any CPU.ActiveCfg = Release|Any CPU
		{44CE33D0-D419-4958-BA98-986A7A249BA0}.Release|Any CPU.Build.0 = Release|Any CPU
		{44CE33D0-D419-4958-BA98-986A7A249BA0}.Release|x86.ActiveCfg = Release|Any CPU
		{44CE33D0-D419-4958-BA98-986A7A249BA0}.Release|x86.Build.0 = Release|Any CPU
		{F1321066-4077-4103-AD37-2DEBA17DEC8E}.CodeAnalysis|Any CPU.ActiveCfg = Release|Any CPU
		{F1321066-4077-4103-AD37-2DEBA17DEC8E}.CodeAnalysis|Any CPU.Build.0 = Release|Any CPU
		{F1321066-4077-4103-AD37-2DEBA17DEC8E}.CodeAnalysis|x86.ActiveCfg = Debug|Any CPU
		{F1321066-4077-4103-AD37-2DEBA17DEC8E}.CodeAnalysis|x86.Build.0 = Debug|Any CPU
		{F1321066-4077-4103-AD37-2DEBA17DEC8E}.Debug|Any CPU.ActiveCfg = Debug|Any CPU
		{F1321066-4077-4103-AD37-2DEBA17DEC8E}.Debug|Any CPU.Build.0 = Debug|Any CPU
		{F1321066-4077-4103-AD37-2DEBA17DEC8E}.Debug|x86.ActiveCfg = Debug|Any CPU
		{F1321066-4077-4103-AD37-2DEBA17DEC8E}.Debug|x86.Build.0 = Debug|Any CPU
		{F1321066-4077-4103-AD37-2DEBA17DEC8E}.Release|Any CPU.ActiveCfg = Release|Any CPU
		{F1321066-4077-4103-AD37-2DEBA17DEC8E}.Release|Any CPU.Build.0 = Release|Any CPU
		{F1321066-4077-4103-AD37-2DEBA17DEC8E}.Release|x86.ActiveCfg = Release|Any CPU
		{F1321066-4077-4103-AD37-2DEBA17DEC8E}.Release|x86.Build.0 = Release|Any CPU
		{BAEA16B8-291B-4F5E-8579-DE43E8DAF27A}.CodeAnalysis|Any CPU.ActiveCfg = Release|Any CPU
		{BAEA16B8-291B-4F5E-8579-DE43E8DAF27A}.CodeAnalysis|Any CPU.Build.0 = Release|Any CPU
		{BAEA16B8-291B-4F5E-8579-DE43E8DAF27A}.CodeAnalysis|x86.ActiveCfg = Debug|Any CPU
		{BAEA16B8-291B-4F5E-8579-DE43E8DAF27A}.CodeAnalysis|x86.Build.0 = Debug|Any CPU
		{BAEA16B8-291B-4F5E-8579-DE43E8DAF27A}.Debug|Any CPU.ActiveCfg = Debug|Any CPU
		{BAEA16B8-291B-4F5E-8579-DE43E8DAF27A}.Debug|Any CPU.Build.0 = Debug|Any CPU
		{BAEA16B8-291B-4F5E-8579-DE43E8DAF27A}.Debug|x86.ActiveCfg = Debug|Any CPU
		{BAEA16B8-291B-4F5E-8579-DE43E8DAF27A}.Debug|x86.Build.0 = Debug|Any CPU
		{BAEA16B8-291B-4F5E-8579-DE43E8DAF27A}.Release|Any CPU.ActiveCfg = Release|Any CPU
		{BAEA16B8-291B-4F5E-8579-DE43E8DAF27A}.Release|Any CPU.Build.0 = Release|Any CPU
		{BAEA16B8-291B-4F5E-8579-DE43E8DAF27A}.Release|x86.ActiveCfg = Release|Any CPU
		{BAEA16B8-291B-4F5E-8579-DE43E8DAF27A}.Release|x86.Build.0 = Release|Any CPU
		{BBBB0376-1004-43EB-A1A4-ACD0CD850180}.CodeAnalysis|Any CPU.ActiveCfg = Release|Any CPU
		{BBBB0376-1004-43EB-A1A4-ACD0CD850180}.CodeAnalysis|Any CPU.Build.0 = Release|Any CPU
		{BBBB0376-1004-43EB-A1A4-ACD0CD850180}.CodeAnalysis|x86.ActiveCfg = Debug|Any CPU
		{BBBB0376-1004-43EB-A1A4-ACD0CD850180}.CodeAnalysis|x86.Build.0 = Debug|Any CPU
		{BBBB0376-1004-43EB-A1A4-ACD0CD850180}.Debug|Any CPU.ActiveCfg = Debug|Any CPU
		{BBBB0376-1004-43EB-A1A4-ACD0CD850180}.Debug|Any CPU.Build.0 = Debug|Any CPU
		{BBBB0376-1004-43EB-A1A4-ACD0CD850180}.Debug|x86.ActiveCfg = Debug|Any CPU
		{BBBB0376-1004-43EB-A1A4-ACD0CD850180}.Debug|x86.Build.0 = Debug|Any CPU
		{BBBB0376-1004-43EB-A1A4-ACD0CD850180}.Release|Any CPU.ActiveCfg = Release|Any CPU
		{BBBB0376-1004-43EB-A1A4-ACD0CD850180}.Release|Any CPU.Build.0 = Release|Any CPU
		{BBBB0376-1004-43EB-A1A4-ACD0CD850180}.Release|x86.ActiveCfg = Release|Any CPU
		{BBBB0376-1004-43EB-A1A4-ACD0CD850180}.Release|x86.Build.0 = Release|Any CPU
		{FDF0C756-0AB7-4457-8462-C79D53347E18}.CodeAnalysis|Any CPU.ActiveCfg = Release|Any CPU
		{FDF0C756-0AB7-4457-8462-C79D53347E18}.CodeAnalysis|Any CPU.Build.0 = Release|Any CPU
		{FDF0C756-0AB7-4457-8462-C79D53347E18}.CodeAnalysis|x86.ActiveCfg = Debug|Any CPU
		{FDF0C756-0AB7-4457-8462-C79D53347E18}.CodeAnalysis|x86.Build.0 = Debug|Any CPU
		{FDF0C756-0AB7-4457-8462-C79D53347E18}.Debug|Any CPU.ActiveCfg = Debug|Any CPU
		{FDF0C756-0AB7-4457-8462-C79D53347E18}.Debug|Any CPU.Build.0 = Debug|Any CPU
		{FDF0C756-0AB7-4457-8462-C79D53347E18}.Debug|x86.ActiveCfg = Debug|Any CPU
		{FDF0C756-0AB7-4457-8462-C79D53347E18}.Debug|x86.Build.0 = Debug|Any CPU
		{FDF0C756-0AB7-4457-8462-C79D53347E18}.Release|Any CPU.ActiveCfg = Release|Any CPU
		{FDF0C756-0AB7-4457-8462-C79D53347E18}.Release|Any CPU.Build.0 = Release|Any CPU
		{FDF0C756-0AB7-4457-8462-C79D53347E18}.Release|x86.ActiveCfg = Release|Any CPU
		{FDF0C756-0AB7-4457-8462-C79D53347E18}.Release|x86.Build.0 = Release|Any CPU
		{CCAC03B6-639A-445B-AD0E-51704C462436}.CodeAnalysis|Any CPU.ActiveCfg = Release|Any CPU
		{CCAC03B6-639A-445B-AD0E-51704C462436}.CodeAnalysis|Any CPU.Build.0 = Release|Any CPU
		{CCAC03B6-639A-445B-AD0E-51704C462436}.CodeAnalysis|x86.ActiveCfg = Release|Any CPU
		{CCAC03B6-639A-445B-AD0E-51704C462436}.CodeAnalysis|x86.Build.0 = Release|Any CPU
		{CCAC03B6-639A-445B-AD0E-51704C462436}.Debug|Any CPU.ActiveCfg = Debug|Any CPU
		{CCAC03B6-639A-445B-AD0E-51704C462436}.Debug|Any CPU.Build.0 = Debug|Any CPU
		{CCAC03B6-639A-445B-AD0E-51704C462436}.Debug|x86.ActiveCfg = Debug|Any CPU
		{CCAC03B6-639A-445B-AD0E-51704C462436}.Debug|x86.Build.0 = Debug|Any CPU
		{CCAC03B6-639A-445B-AD0E-51704C462436}.Release|Any CPU.ActiveCfg = Release|Any CPU
		{CCAC03B6-639A-445B-AD0E-51704C462436}.Release|Any CPU.Build.0 = Release|Any CPU
		{CCAC03B6-639A-445B-AD0E-51704C462436}.Release|x86.ActiveCfg = Release|Any CPU
		{CCAC03B6-639A-445B-AD0E-51704C462436}.Release|x86.Build.0 = Release|Any CPU
		{F009739D-D3E8-448A-9B3B-BA100CE94CB1}.CodeAnalysis|Any CPU.ActiveCfg = Release|Any CPU
		{F009739D-D3E8-448A-9B3B-BA100CE94CB1}.CodeAnalysis|Any CPU.Build.0 = Release|Any CPU
		{F009739D-D3E8-448A-9B3B-BA100CE94CB1}.CodeAnalysis|x86.ActiveCfg = Release|Any CPU
		{F009739D-D3E8-448A-9B3B-BA100CE94CB1}.CodeAnalysis|x86.Build.0 = Release|Any CPU
		{F009739D-D3E8-448A-9B3B-BA100CE94CB1}.Debug|Any CPU.ActiveCfg = Debug|Any CPU
		{F009739D-D3E8-448A-9B3B-BA100CE94CB1}.Debug|Any CPU.Build.0 = Debug|Any CPU
		{F009739D-D3E8-448A-9B3B-BA100CE94CB1}.Debug|x86.ActiveCfg = Debug|Any CPU
		{F009739D-D3E8-448A-9B3B-BA100CE94CB1}.Debug|x86.Build.0 = Debug|Any CPU
		{F009739D-D3E8-448A-9B3B-BA100CE94CB1}.Release|Any CPU.ActiveCfg = Release|Any CPU
		{F009739D-D3E8-448A-9B3B-BA100CE94CB1}.Release|Any CPU.Build.0 = Release|Any CPU
		{F009739D-D3E8-448A-9B3B-BA100CE94CB1}.Release|x86.ActiveCfg = Release|Any CPU
		{F009739D-D3E8-448A-9B3B-BA100CE94CB1}.Release|x86.Build.0 = Release|Any CPU
		{81BAF155-6BA9-4A29-AD27-B107B8D6D172}.CodeAnalysis|Any CPU.ActiveCfg = Release|Any CPU
		{81BAF155-6BA9-4A29-AD27-B107B8D6D172}.CodeAnalysis|Any CPU.Build.0 = Release|Any CPU
		{81BAF155-6BA9-4A29-AD27-B107B8D6D172}.CodeAnalysis|x86.ActiveCfg = Release|Any CPU
		{81BAF155-6BA9-4A29-AD27-B107B8D6D172}.CodeAnalysis|x86.Build.0 = Release|Any CPU
		{81BAF155-6BA9-4A29-AD27-B107B8D6D172}.Debug|Any CPU.ActiveCfg = Debug|Any CPU
		{81BAF155-6BA9-4A29-AD27-B107B8D6D172}.Debug|Any CPU.Build.0 = Debug|Any CPU
		{81BAF155-6BA9-4A29-AD27-B107B8D6D172}.Debug|x86.ActiveCfg = Debug|Any CPU
		{81BAF155-6BA9-4A29-AD27-B107B8D6D172}.Debug|x86.Build.0 = Debug|Any CPU
		{81BAF155-6BA9-4A29-AD27-B107B8D6D172}.Release|Any CPU.ActiveCfg = Release|Any CPU
		{81BAF155-6BA9-4A29-AD27-B107B8D6D172}.Release|Any CPU.Build.0 = Release|Any CPU
		{81BAF155-6BA9-4A29-AD27-B107B8D6D172}.Release|x86.ActiveCfg = Release|Any CPU
		{81BAF155-6BA9-4A29-AD27-B107B8D6D172}.Release|x86.Build.0 = Release|Any CPU
		{768E8575-1CA0-42EE-8902-BFBE02D40E53}.CodeAnalysis|Any CPU.ActiveCfg = Release|Any CPU
		{768E8575-1CA0-42EE-8902-BFBE02D40E53}.CodeAnalysis|Any CPU.Build.0 = Release|Any CPU
		{768E8575-1CA0-42EE-8902-BFBE02D40E53}.CodeAnalysis|x86.ActiveCfg = Release|Any CPU
		{768E8575-1CA0-42EE-8902-BFBE02D40E53}.CodeAnalysis|x86.Build.0 = Release|Any CPU
		{768E8575-1CA0-42EE-8902-BFBE02D40E53}.Debug|Any CPU.ActiveCfg = Debug|Any CPU
		{768E8575-1CA0-42EE-8902-BFBE02D40E53}.Debug|Any CPU.Build.0 = Debug|Any CPU
		{768E8575-1CA0-42EE-8902-BFBE02D40E53}.Debug|x86.ActiveCfg = Debug|Any CPU
		{768E8575-1CA0-42EE-8902-BFBE02D40E53}.Debug|x86.Build.0 = Debug|Any CPU
		{768E8575-1CA0-42EE-8902-BFBE02D40E53}.Release|Any CPU.ActiveCfg = Release|Any CPU
		{768E8575-1CA0-42EE-8902-BFBE02D40E53}.Release|Any CPU.Build.0 = Release|Any CPU
		{768E8575-1CA0-42EE-8902-BFBE02D40E53}.Release|x86.ActiveCfg = Release|Any CPU
		{768E8575-1CA0-42EE-8902-BFBE02D40E53}.Release|x86.Build.0 = Release|Any CPU
		{F6762744-7B7C-4565-B201-E8929491A3FB}.CodeAnalysis|Any CPU.ActiveCfg = Release|Any CPU
		{F6762744-7B7C-4565-B201-E8929491A3FB}.CodeAnalysis|Any CPU.Build.0 = Release|Any CPU
		{F6762744-7B7C-4565-B201-E8929491A3FB}.CodeAnalysis|x86.ActiveCfg = Release|Any CPU
		{F6762744-7B7C-4565-B201-E8929491A3FB}.CodeAnalysis|x86.Build.0 = Release|Any CPU
		{F6762744-7B7C-4565-B201-E8929491A3FB}.Debug|Any CPU.ActiveCfg = Debug|Any CPU
		{F6762744-7B7C-4565-B201-E8929491A3FB}.Debug|Any CPU.Build.0 = Debug|Any CPU
		{F6762744-7B7C-4565-B201-E8929491A3FB}.Debug|x86.ActiveCfg = Debug|Any CPU
		{F6762744-7B7C-4565-B201-E8929491A3FB}.Debug|x86.Build.0 = Debug|Any CPU
		{F6762744-7B7C-4565-B201-E8929491A3FB}.Release|Any CPU.ActiveCfg = Release|Any CPU
		{F6762744-7B7C-4565-B201-E8929491A3FB}.Release|Any CPU.Build.0 = Release|Any CPU
		{F6762744-7B7C-4565-B201-E8929491A3FB}.Release|x86.ActiveCfg = Release|Any CPU
		{F6762744-7B7C-4565-B201-E8929491A3FB}.Release|x86.Build.0 = Release|Any CPU
		{9FC9EBF0-F695-4D95-8B5E-68C8964156F2}.CodeAnalysis|Any CPU.ActiveCfg = Release|Any CPU
		{9FC9EBF0-F695-4D95-8B5E-68C8964156F2}.CodeAnalysis|Any CPU.Build.0 = Release|Any CPU
		{9FC9EBF0-F695-4D95-8B5E-68C8964156F2}.CodeAnalysis|x86.ActiveCfg = Release|Any CPU
		{9FC9EBF0-F695-4D95-8B5E-68C8964156F2}.CodeAnalysis|x86.Build.0 = Release|Any CPU
		{9FC9EBF0-F695-4D95-8B5E-68C8964156F2}.Debug|Any CPU.ActiveCfg = Debug|Any CPU
		{9FC9EBF0-F695-4D95-8B5E-68C8964156F2}.Debug|Any CPU.Build.0 = Debug|Any CPU
		{9FC9EBF0-F695-4D95-8B5E-68C8964156F2}.Debug|x86.ActiveCfg = Debug|Any CPU
		{9FC9EBF0-F695-4D95-8B5E-68C8964156F2}.Debug|x86.Build.0 = Debug|Any CPU
		{9FC9EBF0-F695-4D95-8B5E-68C8964156F2}.Release|Any CPU.ActiveCfg = Release|Any CPU
		{9FC9EBF0-F695-4D95-8B5E-68C8964156F2}.Release|Any CPU.Build.0 = Release|Any CPU
		{9FC9EBF0-F695-4D95-8B5E-68C8964156F2}.Release|x86.ActiveCfg = Release|Any CPU
		{9FC9EBF0-F695-4D95-8B5E-68C8964156F2}.Release|x86.Build.0 = Release|Any CPU
		{BA87BEA0-04AF-4CA5-9BD7-AA1CE6263E1D}.CodeAnalysis|Any CPU.ActiveCfg = Release|Any CPU
		{BA87BEA0-04AF-4CA5-9BD7-AA1CE6263E1D}.CodeAnalysis|Any CPU.Build.0 = Release|Any CPU
		{BA87BEA0-04AF-4CA5-9BD7-AA1CE6263E1D}.CodeAnalysis|x86.ActiveCfg = Release|Any CPU
		{BA87BEA0-04AF-4CA5-9BD7-AA1CE6263E1D}.CodeAnalysis|x86.Build.0 = Release|Any CPU
		{BA87BEA0-04AF-4CA5-9BD7-AA1CE6263E1D}.Debug|Any CPU.ActiveCfg = Debug|Any CPU
		{BA87BEA0-04AF-4CA5-9BD7-AA1CE6263E1D}.Debug|Any CPU.Build.0 = Debug|Any CPU
		{BA87BEA0-04AF-4CA5-9BD7-AA1CE6263E1D}.Debug|x86.ActiveCfg = Debug|Any CPU
		{BA87BEA0-04AF-4CA5-9BD7-AA1CE6263E1D}.Debug|x86.Build.0 = Debug|Any CPU
		{BA87BEA0-04AF-4CA5-9BD7-AA1CE6263E1D}.Release|Any CPU.ActiveCfg = Release|Any CPU
		{BA87BEA0-04AF-4CA5-9BD7-AA1CE6263E1D}.Release|Any CPU.Build.0 = Release|Any CPU
		{BA87BEA0-04AF-4CA5-9BD7-AA1CE6263E1D}.Release|x86.ActiveCfg = Release|Any CPU
		{BA87BEA0-04AF-4CA5-9BD7-AA1CE6263E1D}.Release|x86.Build.0 = Release|Any CPU
	EndGlobalSection
	GlobalSection(SolutionProperties) = preSolution
		HideSolutionNode = FALSE
	EndGlobalSection
	GlobalSection(NestedProjects) = preSolution
		{BAEA16B8-291B-4F5E-8579-DE43E8DAF27A} = {36E19C45-E68A-403F-B0D7-2149DFC22769}
		{BBBB0376-1004-43EB-A1A4-ACD0CD850180} = {36E19C45-E68A-403F-B0D7-2149DFC22769}
		{FDF0C756-0AB7-4457-8462-C79D53347E18} = {36E19C45-E68A-403F-B0D7-2149DFC22769}
		{F009739D-D3E8-448A-9B3B-BA100CE94CB1} = {0E7DF040-7CFD-415E-94FD-82A5F299939B}
		{0E7DF040-7CFD-415E-94FD-82A5F299939B} = {36E19C45-E68A-403F-B0D7-2149DFC22769}
		{81BAF155-6BA9-4A29-AD27-B107B8D6D172} = {0E7DF040-7CFD-415E-94FD-82A5F299939B}
		{768E8575-1CA0-42EE-8902-BFBE02D40E53} = {0E7DF040-7CFD-415E-94FD-82A5F299939B}
		{F6762744-7B7C-4565-B201-E8929491A3FB} = {36E19C45-E68A-403F-B0D7-2149DFC22769}
	EndGlobalSection
EndGlobal
